// !$*UTF8*$!
{
	archiveVersion = 1;
	classes = {
	};
	objectVersion = 50;
	objects = {

/* Begin PBXBuildFile section */
		0D9633A2246A70BB0096917B /* AppDelegate.swift in Sources */ = {isa = PBXBuildFile; fileRef = 0D9633A1246A70BB0096917B /* AppDelegate.swift */; };
		0D9633A4246A70BB0096917B /* SceneDelegate.swift in Sources */ = {isa = PBXBuildFile; fileRef = 0D9633A3246A70BB0096917B /* SceneDelegate.swift */; };
		0D9633A6246A70BB0096917B /* ViewController.swift in Sources */ = {isa = PBXBuildFile; fileRef = 0D9633A5246A70BB0096917B /* ViewController.swift */; };
		0D9633A9246A70BC0096917B /* Main.storyboard in Resources */ = {isa = PBXBuildFile; fileRef = 0D9633A7246A70BC0096917B /* Main.storyboard */; };
		0D9633AB246A70BE0096917B /* Assets.xcassets in Resources */ = {isa = PBXBuildFile; fileRef = 0D9633AA246A70BE0096917B /* Assets.xcassets */; };
		0D9633AE246A70BF0096917B /* LaunchScreen.storyboard in Resources */ = {isa = PBXBuildFile; fileRef = 0D9633AC246A70BF0096917B /* LaunchScreen.storyboard */; };
		0D9633BC246A97B30096917B /* PlayViewController.swift in Sources */ = {isa = PBXBuildFile; fileRef = 0D9633BB246A97B30096917B /* PlayViewController.swift */; };
		0DF83B3B2472790100B2F734 /* R90.MOV in Resources */ = {isa = PBXBuildFile; fileRef = 0DF83B2E2472790100B2F734 /* R90.MOV */; };
		0DF83B3C2472790100B2F734 /* audio_1.m4a in Resources */ = {isa = PBXBuildFile; fileRef = 0DF83B2F2472790100B2F734 /* audio_1.m4a */; };
		0DF83B3D2472790100B2F734 /* 1.mp4 in Resources */ = {isa = PBXBuildFile; fileRef = 0DF83B302472790100B2F734 /* 1.mp4 */; };
		0DF83B3E2472790100B2F734 /* 2.mp4 in Resources */ = {isa = PBXBuildFile; fileRef = 0DF83B312472790100B2F734 /* 2.mp4 */; };
		0DF83B3F2472790100B2F734 /* 3.mp4 in Resources */ = {isa = PBXBuildFile; fileRef = 0DF83B322472790100B2F734 /* 3.mp4 */; };
		0DF83B402472790100B2F734 /* R180.MOV in Resources */ = {isa = PBXBuildFile; fileRef = 0DF83B332472790100B2F734 /* R180.MOV */; };
		0DF83B412472790100B2F734 /* nature.mp4 in Resources */ = {isa = PBXBuildFile; fileRef = 0DF83B342472790100B2F734 /* nature.mp4 */; };
		0DF83B422472790100B2F734 /* haicao.gif in Resources */ = {isa = PBXBuildFile; fileRef = 0DF83B352472790100B2F734 /* haicao.gif */; };
		0DF83B432472790100B2F734 /* witcher.jpg in Resources */ = {isa = PBXBuildFile; fileRef = 0DF83B362472790100B2F734 /* witcher.jpg */; };
		0DF83B442472790100B2F734 /* videoNoSound.mp4 in Resources */ = {isa = PBXBuildFile; fileRef = 0DF83B372472790100B2F734 /* videoNoSound.mp4 */; };
		0DF83B452472790100B2F734 /* R0.MOV in Resources */ = {isa = PBXBuildFile; fileRef = 0DF83B382472790100B2F734 /* R0.MOV */; };
		0DF83B462472790100B2F734 /* audio_2.mp3 in Resources */ = {isa = PBXBuildFile; fileRef = 0DF83B392472790100B2F734 /* audio_2.mp3 */; };
		0DF83B472472790100B2F734 /* R270.MOV in Resources */ = {isa = PBXBuildFile; fileRef = 0DF83B3A2472790100B2F734 /* R270.MOV */; };
		0DF83B4924764C8D00B2F734 /* PreviewController.swift in Sources */ = {isa = PBXBuildFile; fileRef = 0DF83B4824764C8D00B2F734 /* PreviewController.swift */; };
/* End PBXBuildFile section */

/* Begin PBXFileReference section */
		0D96339E246A70BB0096917B /* DFVideoBox.app */ = {isa = PBXFileReference; explicitFileType = wrapper.application; includeInIndex = 0; path = DFVideoBox.app; sourceTree = BUILT_PRODUCTS_DIR; };
		0D9633A1246A70BB0096917B /* AppDelegate.swift */ = {isa = PBXFileReference; lastKnownFileType = sourcecode.swift; path = AppDelegate.swift; sourceTree = "<group>"; };
		0D9633A3246A70BB0096917B /* SceneDelegate.swift */ = {isa = PBXFileReference; lastKnownFileType = sourcecode.swift; path = SceneDelegate.swift; sourceTree = "<group>"; };
		0D9633A5246A70BB0096917B /* ViewController.swift */ = {isa = PBXFileReference; lastKnownFileType = sourcecode.swift; path = ViewController.swift; sourceTree = "<group>"; };
		0D9633A8246A70BC0096917B /* Base */ = {isa = PBXFileReference; lastKnownFileType = file.storyboard; name = Base; path = Base.lproj/Main.storyboard; sourceTree = "<group>"; };
		0D9633AA246A70BE0096917B /* Assets.xcassets */ = {isa = PBXFileReference; lastKnownFileType = folder.assetcatalog; path = Assets.xcassets; sourceTree = "<group>"; };
		0D9633AD246A70BF0096917B /* Base */ = {isa = PBXFileReference; lastKnownFileType = file.storyboard; name = Base; path = Base.lproj/LaunchScreen.storyboard; sourceTree = "<group>"; };
		0D9633AF246A70BF0096917B /* Info.plist */ = {isa = PBXFileReference; lastKnownFileType = text.plist.xml; path = Info.plist; sourceTree = "<group>"; };
		0D9633BB246A97B30096917B /* PlayViewController.swift */ = {isa = PBXFileReference; lastKnownFileType = sourcecode.swift; path = PlayViewController.swift; sourceTree = "<group>"; };
		0DF83B2E2472790100B2F734 /* R90.MOV */ = {isa = PBXFileReference; lastKnownFileType = video.quicktime; path = R90.MOV; sourceTree = "<group>"; };
		0DF83B2F2472790100B2F734 /* audio_1.m4a */ = {isa = PBXFileReference; lastKnownFileType = file; path = audio_1.m4a; sourceTree = "<group>"; };
		0DF83B302472790100B2F734 /* 1.mp4 */ = {isa = PBXFileReference; lastKnownFileType = file; path = 1.mp4; sourceTree = "<group>"; };
		0DF83B312472790100B2F734 /* 2.mp4 */ = {isa = PBXFileReference; lastKnownFileType = file; path = 2.mp4; sourceTree = "<group>"; };
		0DF83B322472790100B2F734 /* 3.mp4 */ = {isa = PBXFileReference; lastKnownFileType = file; path = 3.mp4; sourceTree = "<group>"; };
		0DF83B332472790100B2F734 /* R180.MOV */ = {isa = PBXFileReference; lastKnownFileType = video.quicktime; path = R180.MOV; sourceTree = "<group>"; };
		0DF83B342472790100B2F734 /* nature.mp4 */ = {isa = PBXFileReference; lastKnownFileType = file; path = nature.mp4; sourceTree = "<group>"; };
		0DF83B352472790100B2F734 /* haicao.gif */ = {isa = PBXFileReference; lastKnownFileType = image.gif; path = haicao.gif; sourceTree = "<group>"; };
		0DF83B362472790100B2F734 /* witcher.jpg */ = {isa = PBXFileReference; lastKnownFileType = image.jpeg; path = witcher.jpg; sourceTree = "<group>"; };
		0DF83B372472790100B2F734 /* videoNoSound.mp4 */ = {isa = PBXFileReference; lastKnownFileType = file; path = videoNoSound.mp4; sourceTree = "<group>"; };
		0DF83B382472790100B2F734 /* R0.MOV */ = {isa = PBXFileReference; lastKnownFileType = video.quicktime; path = R0.MOV; sourceTree = "<group>"; };
		0DF83B392472790100B2F734 /* audio_2.mp3 */ = {isa = PBXFileReference; lastKnownFileType = audio.mp3; path = audio_2.mp3; sourceTree = "<group>"; };
		0DF83B3A2472790100B2F734 /* R270.MOV */ = {isa = PBXFileReference; lastKnownFileType = video.quicktime; path = R270.MOV; sourceTree = "<group>"; };
		0DF83B4824764C8D00B2F734 /* PreviewController.swift */ = {isa = PBXFileReference; lastKnownFileType = sourcecode.swift; path = PreviewController.swift; sourceTree = "<group>"; };
/* End PBXFileReference section */

/* Begin PBXFrameworksBuildPhase section */
		0D96339B246A70BB0096917B /* Frameworks */ = {
			isa = PBXFrameworksBuildPhase;
			buildActionMask = 2147483647;
			files = (
			);
			runOnlyForDeploymentPostprocessing = 0;
		};
/* End PBXFrameworksBuildPhase section */

/* Begin PBXGroup section */
		0D963395246A70BB0096917B = {
			isa = PBXGroup;
			children = (
				0D9633A0246A70BB0096917B /* DFVideoBox */,
				0D96339F246A70BB0096917B /* Products */,
			);
			sourceTree = "<group>";
		};
		0D96339F246A70BB0096917B /* Products */ = {
			isa = PBXGroup;
			children = (
				0D96339E246A70BB0096917B /* DFVideoBox.app */,
			);
			name = Products;
			sourceTree = "<group>";
		};
		0D9633A0246A70BB0096917B /* DFVideoBox */ = {
			isa = PBXGroup;
			children = (
				0DF83B2D2472790100B2F734 /* Sources */,
				0D9633A1246A70BB0096917B /* AppDelegate.swift */,
				0D9633A3246A70BB0096917B /* SceneDelegate.swift */,
				0D9633A5246A70BB0096917B /* ViewController.swift */,
				0D9633BB246A97B30096917B /* PlayViewController.swift */,
				0DF83B4824764C8D00B2F734 /* PreviewController.swift */,
				0D9633A7246A70BC0096917B /* Main.storyboard */,
				0D9633AA246A70BE0096917B /* Assets.xcassets */,
				0D9633AC246A70BF0096917B /* LaunchScreen.storyboard */,
				0D9633AF246A70BF0096917B /* Info.plist */,
			);
			path = DFVideoBox;
			sourceTree = "<group>";
		};
		0DF83B2D2472790100B2F734 /* Sources */ = {
			isa = PBXGroup;
			children = (
				0DF83B2F2472790100B2F734 /* audio_1.m4a */,
				0DF83B392472790100B2F734 /* audio_2.mp3 */,
				0DF83B372472790100B2F734 /* videoNoSound.mp4 */,
				0DF83B342472790100B2F734 /* nature.mp4 */,
				0DF83B302472790100B2F734 /* 1.mp4 */,
				0DF83B312472790100B2F734 /* 2.mp4 */,
				0DF83B322472790100B2F734 /* 3.mp4 */,
				0DF83B352472790100B2F734 /* haicao.gif */,
				0DF83B362472790100B2F734 /* witcher.jpg */,
				0DF83B382472790100B2F734 /* R0.MOV */,
				0DF83B2E2472790100B2F734 /* R90.MOV */,
				0DF83B332472790100B2F734 /* R180.MOV */,
				0DF83B3A2472790100B2F734 /* R270.MOV */,
			);
			path = Sources;
			sourceTree = "<group>";
		};
/* End PBXGroup section */

/* Begin PBXNativeTarget section */
		0D96339D246A70BB0096917B /* DFVideoBox */ = {
			isa = PBXNativeTarget;
			buildConfigurationList = 0D9633B2246A70BF0096917B /* Build configuration list for PBXNativeTarget "DFVideoBox" */;
			buildPhases = (
				0D96339A246A70BB0096917B /* Sources */,
				0D96339B246A70BB0096917B /* Frameworks */,
				0D96339C246A70BB0096917B /* Resources */,
			);
			buildRules = (
			);
			dependencies = (
			);
			name = DFVideoBox;
			productName = DFVideoBox;
			productReference = 0D96339E246A70BB0096917B /* DFVideoBox.app */;
			productType = "com.apple.product-type.application";
		};
/* End PBXNativeTarget section */

/* Begin PBXProject section */
		0D963396246A70BB0096917B /* Project object */ = {
			isa = PBXProject;
			attributes = {
				LastSwiftUpdateCheck = 1140;
				LastUpgradeCheck = 1140;
				ORGANIZATIONNAME = DoFun;
				TargetAttributes = {
					0D96339D246A70BB0096917B = {
						CreatedOnToolsVersion = 11.4;
					};
				};
			};
			buildConfigurationList = 0D963399246A70BB0096917B /* Build configuration list for PBXProject "DFVideoBox" */;
			compatibilityVersion = "Xcode 9.3";
			developmentRegion = en;
			hasScannedForEncodings = 0;
			knownRegions = (
				en,
				Base,
			);
			mainGroup = 0D963395246A70BB0096917B;
			productRefGroup = 0D96339F246A70BB0096917B /* Products */;
			projectDirPath = "";
			projectRoot = "";
			targets = (
				0D96339D246A70BB0096917B /* DFVideoBox */,
			);
		};
/* End PBXProject section */

/* Begin PBXResourcesBuildPhase section */
		0D96339C246A70BB0096917B /* Resources */ = {
			isa = PBXResourcesBuildPhase;
			buildActionMask = 2147483647;
			files = (
				0DF83B412472790100B2F734 /* nature.mp4 in Resources */,
				0D9633AE246A70BF0096917B /* LaunchScreen.storyboard in Resources */,
				0DF83B452472790100B2F734 /* R0.MOV in Resources */,
				0DF83B472472790100B2F734 /* R270.MOV in Resources */,
				0D9633AB246A70BE0096917B /* Assets.xcassets in Resources */,
				0DF83B462472790100B2F734 /* audio_2.mp3 in Resources */,
				0DF83B422472790100B2F734 /* haicao.gif in Resources */,
				0DF83B432472790100B2F734 /* witcher.jpg in Resources */,
				0DF83B3B2472790100B2F734 /* R90.MOV in Resources */,
				0DF83B402472790100B2F734 /* R180.MOV in Resources */,
				0DF83B3E2472790100B2F734 /* 2.mp4 in Resources */,
				0DF83B3D2472790100B2F734 /* 1.mp4 in Resources */,
				0D9633A9246A70BC0096917B /* Main.storyboard in Resources */,
				0DF83B3C2472790100B2F734 /* audio_1.m4a in Resources */,
				0DF83B3F2472790100B2F734 /* 3.mp4 in Resources */,
				0DF83B442472790100B2F734 /* videoNoSound.mp4 in Resources */,
			);
			runOnlyForDeploymentPostprocessing = 0;
		};
/* End PBXResourcesBuildPhase section */

/* Begin PBXSourcesBuildPhase section */
		0D96339A246A70BB0096917B /* Sources */ = {
			isa = PBXSourcesBuildPhase;
			buildActionMask = 2147483647;
			files = (
				0D9633BC246A97B30096917B /* PlayViewController.swift in Sources */,
				0D9633A6246A70BB0096917B /* ViewController.swift in Sources */,
				0D9633A2246A70BB0096917B /* AppDelegate.swift in Sources */,
				0DF83B4924764C8D00B2F734 /* PreviewController.swift in Sources */,
				0D9633A4246A70BB0096917B /* SceneDelegate.swift in Sources */,
			);
			runOnlyForDeploymentPostprocessing = 0;
		};
/* End PBXSourcesBuildPhase section */

/* Begin PBXVariantGroup section */
		0D9633A7246A70BC0096917B /* Main.storyboard */ = {
			isa = PBXVariantGroup;
			children = (
				0D9633A8246A70BC0096917B /* Base */,
			);
			name = Main.storyboard;
			sourceTree = "<group>";
		};
		0D9633AC246A70BF0096917B /* LaunchScreen.storyboard */ = {
			isa = PBXVariantGroup;
			children = (
				0D9633AD246A70BF0096917B /* Base */,
			);
			name = LaunchScreen.storyboard;
			sourceTree = "<group>";
		};
/* End PBXVariantGroup section */

/* Begin XCBuildConfiguration section */
		0D9633B0246A70BF0096917B /* Debug */ = {
			isa = XCBuildConfiguration;
			buildSettings = {
				ALWAYS_SEARCH_USER_PATHS = NO;
				CLANG_ANALYZER_NONNULL = YES;
				CLANG_ANALYZER_NUMBER_OBJECT_CONVERSION = YES_AGGRESSIVE;
				CLANG_CXX_LANGUAGE_STANDARD = "gnu++14";
				CLANG_CXX_LIBRARY = "libc++";
				CLANG_ENABLE_MODULES = YES;
				CLANG_ENABLE_OBJC_ARC = YES;
				CLANG_ENABLE_OBJC_WEAK = YES;
				CLANG_WARN_BLOCK_CAPTURE_AUTORELEASING = YES;
				CLANG_WARN_BOOL_CONVERSION = YES;
				CLANG_WARN_COMMA = YES;
				CLANG_WARN_CONSTANT_CONVERSION = YES;
				CLANG_WARN_DEPRECATED_OBJC_IMPLEMENTATIONS = YES;
				CLANG_WARN_DIRECT_OBJC_ISA_USAGE = YES_ERROR;
				CLANG_WARN_DOCUMENTATION_COMMENTS = YES;
				CLANG_WARN_EMPTY_BODY = YES;
				CLANG_WARN_ENUM_CONVERSION = YES;
				CLANG_WARN_INFINITE_RECURSION = YES;
				CLANG_WARN_INT_CONVERSION = YES;
				CLANG_WARN_NON_LITERAL_NULL_CONVERSION = YES;
				CLANG_WARN_OBJC_IMPLICIT_RETAIN_SELF = YES;
				CLANG_WARN_OBJC_LITERAL_CONVERSION = YES;
				CLANG_WARN_OBJC_ROOT_CLASS = YES_ERROR;
				CLANG_WARN_RANGE_LOOP_ANALYSIS = YES;
				CLANG_WARN_STRICT_PROTOTYPES = YES;
				CLANG_WARN_SUSPICIOUS_MOVE = YES;
				CLANG_WARN_UNGUARDED_AVAILABILITY = YES_AGGRESSIVE;
				CLANG_WARN_UNREACHABLE_CODE = YES;
				CLANG_WARN__DUPLICATE_METHOD_MATCH = YES;
				COPY_PHASE_STRIP = NO;
				DEBUG_INFORMATION_FORMAT = dwarf;
				ENABLE_STRICT_OBJC_MSGSEND = YES;
				ENABLE_TESTABILITY = YES;
				GCC_C_LANGUAGE_STANDARD = gnu11;
				GCC_DYNAMIC_NO_PIC = NO;
				GCC_NO_COMMON_BLOCKS = YES;
				GCC_OPTIMIZATION_LEVEL = 0;
				GCC_PREPROCESSOR_DEFINITIONS = (
					"DEBUG=1",
					"$(inherited)",
				);
				GCC_WARN_64_TO_32_BIT_CONVERSION = YES;
				GCC_WARN_ABOUT_RETURN_TYPE = YES_ERROR;
				GCC_WARN_UNDECLARED_SELECTOR = YES;
				GCC_WARN_UNINITIALIZED_AUTOS = YES_AGGRESSIVE;
				GCC_WARN_UNUSED_FUNCTION = YES;
				GCC_WARN_UNUSED_VARIABLE = YES;
				IPHONEOS_DEPLOYMENT_TARGET = 13.4;
				MTL_ENABLE_DEBUG_INFO = INCLUDE_SOURCE;
				MTL_FAST_MATH = YES;
				ONLY_ACTIVE_ARCH = YES;
				SDKROOT = iphoneos;
				SWIFT_ACTIVE_COMPILATION_CONDITIONS = DEBUG;
				SWIFT_OPTIMIZATION_LEVEL = "-Onone";
			};
			name = Debug;
		};
		0D9633B1246A70BF0096917B /* Release */ = {
			isa = XCBuildConfiguration;
			buildSettings = {
				ALWAYS_SEARCH_USER_PATHS = NO;
				CLANG_ANALYZER_NONNULL = YES;
				CLANG_ANALYZER_NUMBER_OBJECT_CONVERSION = YES_AGGRESSIVE;
				CLANG_CXX_LANGUAGE_STANDARD = "gnu++14";
				CLANG_CXX_LIBRARY = "libc++";
				CLANG_ENABLE_MODULES = YES;
				CLANG_ENABLE_OBJC_ARC = YES;
				CLANG_ENABLE_OBJC_WEAK = YES;
				CLANG_WARN_BLOCK_CAPTURE_AUTORELEASING = YES;
				CLANG_WARN_BOOL_CONVERSION = YES;
				CLANG_WARN_COMMA = YES;
				CLANG_WARN_CONSTANT_CONVERSION = YES;
				CLANG_WARN_DEPRECATED_OBJC_IMPLEMENTATIONS = YES;
				CLANG_WARN_DIRECT_OBJC_ISA_USAGE = YES_ERROR;
				CLANG_WARN_DOCUMENTATION_COMMENTS = YES;
				CLANG_WARN_EMPTY_BODY = YES;
				CLANG_WARN_ENUM_CONVERSION = YES;
				CLANG_WARN_INFINITE_RECURSION = YES;
				CLANG_WARN_INT_CONVERSION = YES;
				CLANG_WARN_NON_LITERAL_NULL_CONVERSION = YES;
				CLANG_WARN_OBJC_IMPLICIT_RETAIN_SELF = YES;
				CLANG_WARN_OBJC_LITERAL_CONVERSION = YES;
				CLANG_WARN_OBJC_ROOT_CLASS = YES_ERROR;
				CLANG_WARN_RANGE_LOOP_ANALYSIS = YES;
				CLANG_WARN_STRICT_PROTOTYPES = YES;
				CLANG_WARN_SUSPICIOUS_MOVE = YES;
				CLANG_WARN_UNGUARDED_AVAILABILITY = YES_AGGRESSIVE;
				CLANG_WARN_UNREACHABLE_CODE = YES;
				CLANG_WARN__DUPLICATE_METHOD_MATCH = YES;
				COPY_PHASE_STRIP = NO;
				DEBUG_INFORMATION_FORMAT = "dwarf-with-dsym";
				ENABLE_NS_ASSERTIONS = NO;
				ENABLE_STRICT_OBJC_MSGSEND = YES;
				GCC_C_LANGUAGE_STANDARD = gnu11;
				GCC_NO_COMMON_BLOCKS = YES;
				GCC_WARN_64_TO_32_BIT_CONVERSION = YES;
				GCC_WARN_ABOUT_RETURN_TYPE = YES_ERROR;
				GCC_WARN_UNDECLARED_SELECTOR = YES;
				GCC_WARN_UNINITIALIZED_AUTOS = YES_AGGRESSIVE;
				GCC_WARN_UNUSED_FUNCTION = YES;
				GCC_WARN_UNUSED_VARIABLE = YES;
				IPHONEOS_DEPLOYMENT_TARGET = 13.4;
				MTL_ENABLE_DEBUG_INFO = NO;
				MTL_FAST_MATH = YES;
				SDKROOT = iphoneos;
				SWIFT_COMPILATION_MODE = wholemodule;
				SWIFT_OPTIMIZATION_LEVEL = "-O";
				VALIDATE_PRODUCT = YES;
			};
			name = Release;
		};
		0D9633B3246A70BF0096917B /* Debug */ = {
			isa = XCBuildConfiguration;
			buildSettings = {
				ASSETCATALOG_COMPILER_APPICON_NAME = AppIcon;
				CODE_SIGN_STYLE = Automatic;
				DEVELOPMENT_TEAM = 8MG4PF6BLU;
				INFOPLIST_FILE = DFVideoBox/Info.plist;
				IPHONEOS_DEPLOYMENT_TARGET = 13.0;
				LD_RUNPATH_SEARCH_PATHS = (
					"$(inherited)",
					"@executable_path/Frameworks",
				);
				PRODUCT_BUNDLE_IDENTIFIER = com.dofun.appClient.DFVideoBox;
				PRODUCT_NAME = "$(TARGET_NAME)";
				SWIFT_VERSION = 5.0;
				TARGETED_DEVICE_FAMILY = "1,2";
			};
			name = Debug;
		};
		0D9633B4246A70BF0096917B /* Release */ = {
			isa = XCBuildConfiguration;
			buildSettings = {
				ASSETCATALOG_COMPILER_APPICON_NAME = AppIcon;
				CODE_SIGN_STYLE = Automatic;
				DEVELOPMENT_TEAM = 8MG4PF6BLU;
				INFOPLIST_FILE = DFVideoBox/Info.plist;
				IPHONEOS_DEPLOYMENT_TARGET = 13.0;
				LD_RUNPATH_SEARCH_PATHS = (
					"$(inherited)",
					"@executable_path/Frameworks",
				);
				PRODUCT_BUNDLE_IDENTIFIER = com.dofun.appClient.DFVideoBox;
				PRODUCT_NAME = "$(TARGET_NAME)";
				SWIFT_VERSION = 5.0;
				TARGETED_DEVICE_FAMILY = "1,2";
			};
			name = Release;
		};
/* End XCBuildConfiguration section */

/* Begin XCConfigurationList section */
		0D963399246A70BB0096917B /* Build configuration list for PBXProject "DFVideoBox" */ = {
			isa = XCConfigurationList;
			buildConfigurations = (
				0D9633B0246A70BF0096917B /* Debug */,
				0D9633B1246A70BF0096917B /* Release */,
			);
			defaultConfigurationIsVisible = 0;
			defaultConfigurationName = Release;
		};
		0D9633B2246A70BF0096917B /* Build configuration list for PBXNativeTarget "DFVideoBox" */ = {
			isa = XCConfigurationList;
			buildConfigurations = (
				0D9633B3246A70BF0096917B /* Debug */,
				0D9633B4246A70BF0096917B /* Release */,
			);
			defaultConfigurationIsVisible = 0;
			defaultConfigurationName = Release;
		};
/* End XCConfigurationList section */
	};
	rootObject = 0D963396246A70BB0096917B /* Project object */;
}
